
Microsoft Visual Studio Solution File, Format Version 12.00
# Visual Studio Version 17
VisualStudioVersion = 17.12.35707.178 d17.12
MinimumVisualStudioVersion = 10.0.40219.1
Project("{FAE04EC0-301F-11D3-BF4B-00C04F79EFBC}") = "ClubClassLibrary", "ClubClassLibrary\ClubClassLibrary.csproj", "{621574B7-DAFC-44B7-A53C-B505FAAC5461}"
EndProject
Project("{FAE04EC0-301F-11D3-BF4B-00C04F79EFBC}") = "ClubUI", "ClubUI\ClubUI.csproj", "{A5A6BBD1-97C2-4BA8-8B2A-DD5608DABD26}"
EndProject
Global
	GlobalSection(SolutionConfigurationPlatforms) = preSolution
		Debug|Any CPU = Debug|Any CPU
		Release|Any CPU = Release|Any CPU
	EndGlobalSection
	GlobalSection(ProjectConfigurationPlatforms) = postSolution
		{621574B7-DAFC-44B7-A53C-B505FAAC5461}.Debug|Any CPU.ActiveCfg = Debug|Any CPU
		{621574B7-DAFC-44B7-A53C-B505FAAC5461}.Debug|Any CPU.Build.0 = Debug|Any CPU
		{621574B7-DAFC-44B7-A53C-B505FAAC5461}.Release|Any CPU.ActiveCfg = Release|Any CPU
		{621574B7-DAFC-44B7-A53C-B505FAAC5461}.Release|Any CPU.Build.0 = Release|Any CPU
		{A5A6BBD1-97C2-4BA8-8B2A-DD5608DABD26}.Debug|Any CPU.ActiveCfg = Debug|Any CPU
		{A5A6BBD1-97C2-4BA8-8B2A-DD5608DABD26}.Debug|Any CPU.Build.0 = Debug|Any CPU
		{A5A6BBD1-97C2-4BA8-8B2A-DD5608DABD26}.Release|Any CPU.ActiveCfg = Release|Any CPU
		{A5A6BBD1-97C2-4BA8-8B2A-DD5608DABD26}.Release|Any CPU.Build.0 = Release|Any CPU
	EndGlobalSection
	GlobalSection(SolutionProperties) = preSolution
		HideSolutionNode = FALSE
	EndGlobalSection
EndGlobal
